{
  "name": "demos",
  "version": "1.0.0",
  "lockfileVersion": 3,
  "requires": true,
  "packages": {
    "": {
      "name": "demos",
      "version": "1.0.0",
      "license": "ISC",
      "dependencies": {
        "veritas-agent": "file:../../../packages/veritas-agent",
        "veritas-verify": "file:../../../packages/veritas-verify"
      }
    },
    "node_modules/@noble/curves": {
      "version": "1.9.7",
      "resolved": "https://registry.npmjs.org/@noble/curves/-/curves-1.9.7.tgz",
      "integrity": "sha512-gbKGcRUYIjA3/zCCNaWDciTMFI0dCkvou3TL8Zmy5Nc7sJ47a0jtOeZoTaMxkuqRo9cRhjOdZJXegxYE5FN/xw==",
      "dependencies": {
        "@noble/hashes": "1.8.0"
      },
      "engines": {
        "node": "^14.21.3 || >=16"
      },
      "funding": {
        "url": "https://paulmillr.com/funding/"
      }
    },
    "node_modules/@noble/hashes": {
      "version": "1.8.0",
      "resolved": "https://registry.npmjs.org/@noble/hashes/-/hashes-1.8.0.tgz",
      "integrity": "sha512-jCs9ldd7NwzpgXDIf6P3+NrHh9/sD6CQdxHyjQI+h/6rDNo88ypBxxz45UDuZHz9r3tNz7N/VInSVoVdtXEI4A==",
      "engines": {
        "node": "^14.21.3 || >=16"
      },
      "funding": {
        "url": "https://paulmillr.com/funding/"
      }
    },
    "node_modules/veritas-agent": {
      "version": "0.1.0",
      "resolved": "file:../../../packages/veritas-agent",
      "license": "MIT",
      "dependencies": {
        "@noble/curves": "^1.6.0",
        "@noble/hashes": "^1.5.0",
        "veritas-verify": "^0.1.0"
      },
      "engines": {
        "node": ">=18"
      }
    },
    "node_modules/veritas-verify": {
      "version": "0.1.0",
      "resolved": "file:../../../packages/veritas-verify",
      "license": "MIT",
      "dependencies": {
        "@noble/curves": "^1.6.0",
        "@noble/hashes": "^1.5.0"
      },
      "engines": {
        "node": ">=18"
      }
    }
  }
}
